
Microsoft Visual Studio Solution File, Format Version 12.00
Project("{FAE04EC0-301F-11D3-BF4B-00C04F79EFBC}") = "LogInterleaver", "LogInterleaver\LogInterleaver.csproj", "{AC132908-3827-4EAF-9F53-6A10F2D0A57D}"
EndProject
Global
	GlobalSection(SolutionConfigurationPlatforms) = preSolution
		Debug|Any CPU = Debug|Any CPU
		Release|Any CPU = Release|Any CPU
	EndGlobalSection
	GlobalSection(ProjectConfigurationPlatforms) = postSolution
		{AC132908-3827-4EAF-9F53-6A10F2D0A57D}.Debug|Any CPU.ActiveCfg = Debug|Any CPU
		{AC132908-3827-4EAF-9F53-6A10F2D0A57D}.Debug|Any CPU.Build.0 = Debug|Any CPU
		{AC132908-3827-4EAF-9F53-6A10F2D0A57D}.Release|Any CPU.ActiveCfg = Release|Any CPU
		{AC132908-3827-4EAF-9F53-6A10F2D0A57D}.Release|Any CPU.Build.0 = Release|Any CPU
	EndGlobalSection
EndGlobal
